
Microsoft Visual Studio Solution File, Format Version 12.00
# Visual Studio Version 17
VisualStudioVersion = 17.14.36511.14 d17.14
MinimumVisualStudioVersion = 10.0.40219.1
Project("{FAE04EC0-301F-11D3-BF4B-00C04F79EFBC}") = "CinemaSeatBooking", "CinemaSeatBooking\CinemaSeatBooking.csproj", "{19DEC28B-F5BC-4D16-911C-D0BACAD7122C}"
EndProject
Global
	GlobalSection(SolutionConfigurationPlatforms) = preSolution
		Debug|Any CPU = Debug|Any CPU
		Release|Any CPU = Release|Any CPU
	EndGlobalSection
	GlobalSection(ProjectConfigurationPlatforms) = postSolution
		{19DEC28B-F5BC-4D16-911C-D0BACAD7122C}.Debug|Any CPU.ActiveCfg = Debug|Any CPU
		{19DEC28B-F5BC-4D16-911C-D0BACAD7122C}.Debug|Any CPU.Build.0 = Debug|Any CPU
		{19DEC28B-F5BC-4D16-911C-D0BACAD7122C}.Release|Any CPU.ActiveCfg = Release|Any CPU
		{19DEC28B-F5BC-4D16-911C-D0BACAD7122C}.Release|Any CPU.Build.0 = Release|Any CPU
	EndGlobalSection
	GlobalSection(SolutionProperties) = preSolution
		HideSolutionNode = FALSE
	EndGlobalSection
	GlobalSection(ExtensibilityGlobals) = postSolution
		SolutionGuid = {83C84FF0-AA05-46BD-9BB4-162D16D21FF5}
	EndGlobalSection
EndGlobal
